<Solution>
  <Project Path="Aplicacao/Aplicacao.csproj" Id="f70dfc6a-4099-4aee-b15f-16504a8df286" />
  <Project Path="Dominio/Dominio.csproj" Id="8b1e9b8e-5595-4d43-968b-02cfebfbe07c" />
  <Project Path="Infraestrutura/Infraestrutura.csproj" Id="2babc38d-e958-477a-aa27-ccdc86084572" />
  <Project Path="WebApp/WebApp.csproj" />
</Solution>
